// !$*UTF8*$!
{
	archiveVersion = 1;
	classes = {
	};
	objectVersion = 56;
	objects = {

/* Begin PBXBuildFile section */
		2C08B02329759390004B806E /* ShakyBellView.swift in Sources */ = {isa = PBXBuildFile; fileRef = 2C08B02229759390004B806E /* ShakyBellView.swift */; };
		2C08B025297A33F1004B806E /* Date+Utils.swift in Sources */ = {isa = PBXBuildFile; fileRef = 2C08B024297A33F1004B806E /* Date+Utils.swift */; };
		2C08B027297A34AB004B806E /* AcocuntSummaryViewController+Networking.swift in Sources */ = {isa = PBXBuildFile; fileRef = 2C08B026297A34AB004B806E /* AcocuntSummaryViewController+Networking.swift */; };
		2C3ADC94295E52B100E78AAB /* OnboardingContainerViewController.swift in Sources */ = {isa = PBXBuildFile; fileRef = 2C3ADC93295E52B100E78AAB /* OnboardingContainerViewController.swift */; };
		2C3ADC96295E57D500E78AAB /* OnboardingViewController.swift in Sources */ = {isa = PBXBuildFile; fileRef = 2C3ADC95295E57D500E78AAB /* OnboardingViewController.swift */; };
		2C3CD8F3296F0C8C00906170 /* NSNotificationName.swift in Sources */ = {isa = PBXBuildFile; fileRef = 2C3CD8F2296F0C8C00906170 /* NSNotificationName.swift */; };
		2C3CD8F5296F0E1700906170 /* UITextfieldSecureToggle.swift in Sources */ = {isa = PBXBuildFile; fileRef = 2C3CD8F4296F0E1700906170 /* UITextfieldSecureToggle.swift */; };
		2C4E9BD52965BAD20073AD85 /* AccountSummaryCell.swift in Sources */ = {isa = PBXBuildFile; fileRef = 2C4E9BD42965BAD20073AD85 /* AccountSummaryCell.swift */; };
		2C6C00442967034400813C47 /* DecimalUtils.swift in Sources */ = {isa = PBXBuildFile; fileRef = 2C6C00432967034400813C47 /* DecimalUtils.swift */; };
		2C6C00462967038100813C47 /* CurrencyFormatter.swift in Sources */ = {isa = PBXBuildFile; fileRef = 2C6C00452967038100813C47 /* CurrencyFormatter.swift */; };
		2C7953D3297AC76C00963934 /* ProfileTests.swift in Sources */ = {isa = PBXBuildFile; fileRef = 2C7953D2297AC76C00963934 /* ProfileTests.swift */; };
		2C7953D5297AC7FE00963934 /* AccountTests.swift in Sources */ = {isa = PBXBuildFile; fileRef = 2C7953D4297AC7FE00963934 /* AccountTests.swift */; };
		2C7CA753296D03D500DF8589 /* CurrencyFormatterTests.swift in Sources */ = {isa = PBXBuildFile; fileRef = 2C7CA752296D03D500DF8589 /* CurrencyFormatterTests.swift */; };
		2CC6C7E229628A9E00784DF3 /* DummyViewController.swift in Sources */ = {isa = PBXBuildFile; fileRef = 2CC6C7E129628A9E00784DF3 /* DummyViewController.swift */; };
		2CC6C7E52962917100784DF3 /* LocalState.swift in Sources */ = {isa = PBXBuildFile; fileRef = 2CC6C7E42962917100784DF3 /* LocalState.swift */; };
		2CC6C7E7296334B600784DF3 /* UIViewController+Utils.swift in Sources */ = {isa = PBXBuildFile; fileRef = 2CC6C7E6296334B600784DF3 /* UIViewController+Utils.swift */; };
		2CC6C7E9296335F200784DF3 /* MainViewController.swift in Sources */ = {isa = PBXBuildFile; fileRef = 2CC6C7E8296335F200784DF3 /* MainViewController.swift */; };
		2CC6C7EC2963441600784DF3 /* AccountSummaryViewController.swift in Sources */ = {isa = PBXBuildFile; fileRef = 2CC6C7EB2963441600784DF3 /* AccountSummaryViewController.swift */; };
		2CC6C7EE2963469800784DF3 /* AccountSummaryHeaderView.swift in Sources */ = {isa = PBXBuildFile; fileRef = 2CC6C7ED2963469800784DF3 /* AccountSummaryHeaderView.swift */; };
		2CC6C7F0296346C200784DF3 /* AccountSummaryHeaderView.xib in Resources */ = {isa = PBXBuildFile; fileRef = 2CC6C7EF296346C200784DF3 /* AccountSummaryHeaderView.xib */; };
		2CEFFE49295A2F130020FA49 /* AppDelegate.swift in Sources */ = {isa = PBXBuildFile; fileRef = 2CEFFE48295A2F130020FA49 /* AppDelegate.swift */; };
		2CEFFE4D295A2F130020FA49 /* LoginViewController.swift in Sources */ = {isa = PBXBuildFile; fileRef = 2CEFFE4C295A2F130020FA49 /* LoginViewController.swift */; };
		2CEFFE52295A2F140020FA49 /* Assets.xcassets in Resources */ = {isa = PBXBuildFile; fileRef = 2CEFFE51295A2F140020FA49 /* Assets.xcassets */; };
		2CEFFE55295A2F140020FA49 /* LaunchScreen.storyboard in Resources */ = {isa = PBXBuildFile; fileRef = 2CEFFE53295A2F140020FA49 /* LaunchScreen.storyboard */; };
		2CEFFE60295A3B600020FA49 /* LoginView.swift in Sources */ = {isa = PBXBuildFile; fileRef = 2CEFFE5F295A3B600020FA49 /* LoginView.swift */; };
/* End PBXBuildFile section */

/* Begin PBXContainerItemProxy section */
		2C7CA74D296D032F00DF8589 /* PBXContainerItemProxy */ = {
			isa = PBXContainerItemProxy;
			containerPortal = 2CEFFE3D295A2F130020FA49 /* Project object */;
			proxyType = 1;
			remoteGlobalIDString = 2CEFFE44295A2F130020FA49;
			remoteInfo = Bankey;
		};
/* End PBXContainerItemProxy section */

/* Begin PBXFileReference section */
		2C08B02229759390004B806E /* ShakyBellView.swift */ = {isa = PBXFileReference; lastKnownFileType = sourcecode.swift; path = ShakyBellView.swift; sourceTree = "<group>"; };
		2C08B024297A33F1004B806E /* Date+Utils.swift */ = {isa = PBXFileReference; lastKnownFileType = sourcecode.swift; path = "Date+Utils.swift"; sourceTree = "<group>"; };
		2C08B026297A34AB004B806E /* AcocuntSummaryViewController+Networking.swift */ = {isa = PBXFileReference; lastKnownFileType = sourcecode.swift; path = "AcocuntSummaryViewController+Networking.swift"; sourceTree = "<group>"; };
		2C3ADC93295E52B100E78AAB /* OnboardingContainerViewController.swift */ = {isa = PBXFileReference; lastKnownFileType = sourcecode.swift; path = OnboardingContainerViewController.swift; sourceTree = "<group>"; };
		2C3ADC95295E57D500E78AAB /* OnboardingViewController.swift */ = {isa = PBXFileReference; lastKnownFileType = sourcecode.swift; path = OnboardingViewController.swift; sourceTree = "<group>"; };
		2C3CD8F2296F0C8C00906170 /* NSNotificationName.swift */ = {isa = PBXFileReference; lastKnownFileType = sourcecode.swift; path = NSNotificationName.swift; sourceTree = "<group>"; };
		2C3CD8F4296F0E1700906170 /* UITextfieldSecureToggle.swift */ = {isa = PBXFileReference; lastKnownFileType = sourcecode.swift; path = UITextfieldSecureToggle.swift; sourceTree = "<group>"; };
		2C4E9BD42965BAD20073AD85 /* AccountSummaryCell.swift */ = {isa = PBXFileReference; lastKnownFileType = sourcecode.swift; path = AccountSummaryCell.swift; sourceTree = "<group>"; };
		2C6C00432967034400813C47 /* DecimalUtils.swift */ = {isa = PBXFileReference; lastKnownFileType = sourcecode.swift; path = DecimalUtils.swift; sourceTree = "<group>"; };
		2C6C00452967038100813C47 /* CurrencyFormatter.swift */ = {isa = PBXFileReference; lastKnownFileType = sourcecode.swift; path = CurrencyFormatter.swift; sourceTree = "<group>"; };
		2C7953D2297AC76C00963934 /* ProfileTests.swift */ = {isa = PBXFileReference; lastKnownFileType = sourcecode.swift; path = ProfileTests.swift; sourceTree = "<group>"; };
		2C7953D4297AC7FE00963934 /* AccountTests.swift */ = {isa = PBXFileReference; lastKnownFileType = sourcecode.swift; path = AccountTests.swift; sourceTree = "<group>"; };
		2C7CA749296D032F00DF8589 /* BankeyUnitTests.xctest */ = {isa = PBXFileReference; explicitFileType = wrapper.cfbundle; includeInIndex = 0; path = BankeyUnitTests.xctest; sourceTree = BUILT_PRODUCTS_DIR; };
		2C7CA752296D03D500DF8589 /* CurrencyFormatterTests.swift */ = {isa = PBXFileReference; lastKnownFileType = sourcecode.swift; path = CurrencyFormatterTests.swift; sourceTree = "<group>"; };
		2CC6C7E129628A9E00784DF3 /* DummyViewController.swift */ = {isa = PBXFileReference; lastKnownFileType = sourcecode.swift; path = DummyViewController.swift; sourceTree = "<group>"; };
		2CC6C7E42962917100784DF3 /* LocalState.swift */ = {isa = PBXFileReference; lastKnownFileType = sourcecode.swift; path = LocalState.swift; sourceTree = "<group>"; };
		2CC6C7E6296334B600784DF3 /* UIViewController+Utils.swift */ = {isa = PBXFileReference; lastKnownFileType = sourcecode.swift; path = "UIViewController+Utils.swift"; sourceTree = "<group>"; };
		2CC6C7E8296335F200784DF3 /* MainViewController.swift */ = {isa = PBXFileReference; lastKnownFileType = sourcecode.swift; path = MainViewController.swift; sourceTree = "<group>"; };
		2CC6C7EB2963441600784DF3 /* AccountSummaryViewController.swift */ = {isa = PBXFileReference; lastKnownFileType = sourcecode.swift; path = AccountSummaryViewController.swift; sourceTree = "<group>"; };
		2CC6C7ED2963469800784DF3 /* AccountSummaryHeaderView.swift */ = {isa = PBXFileReference; lastKnownFileType = sourcecode.swift; path = AccountSummaryHeaderView.swift; sourceTree = "<group>"; };
		2CC6C7EF296346C200784DF3 /* AccountSummaryHeaderView.xib */ = {isa = PBXFileReference; lastKnownFileType = file.xib; path = AccountSummaryHeaderView.xib; sourceTree = "<group>"; };
		2CEFFE45295A2F130020FA49 /* Bankey.app */ = {isa = PBXFileReference; explicitFileType = wrapper.application; includeInIndex = 0; path = Bankey.app; sourceTree = BUILT_PRODUCTS_DIR; };
		2CEFFE48295A2F130020FA49 /* AppDelegate.swift */ = {isa = PBXFileReference; lastKnownFileType = sourcecode.swift; path = AppDelegate.swift; sourceTree = "<group>"; };
		2CEFFE4C295A2F130020FA49 /* LoginViewController.swift */ = {isa = PBXFileReference; lastKnownFileType = sourcecode.swift; path = LoginViewController.swift; sourceTree = "<group>"; };
		2CEFFE51295A2F140020FA49 /* Assets.xcassets */ = {isa = PBXFileReference; lastKnownFileType = folder.assetcatalog; path = Assets.xcassets; sourceTree = "<group>"; };
		2CEFFE54295A2F140020FA49 /* Base */ = {isa = PBXFileReference; lastKnownFileType = file.storyboard; name = Base; path = Base.lproj/LaunchScreen.storyboard; sourceTree = "<group>"; };
		2CEFFE56295A2F140020FA49 /* Info.plist */ = {isa = PBXFileReference; lastKnownFileType = text.plist.xml; path = Info.plist; sourceTree = "<group>"; };
		2CEFFE5F295A3B600020FA49 /* LoginView.swift */ = {isa = PBXFileReference; lastKnownFileType = sourcecode.swift; path = LoginView.swift; sourceTree = "<group>"; };
/* End PBXFileReference section */

/* Begin PBXFrameworksBuildPhase section */
		2C7CA746296D032F00DF8589 /* Frameworks */ = {
			isa = PBXFrameworksBuildPhase;
			buildActionMask = 2147483647;
			files = (
			);
			runOnlyForDeploymentPostprocessing = 0;
		};
		2CEFFE42295A2F130020FA49 /* Frameworks */ = {
			isa = PBXFrameworksBuildPhase;
			buildActionMask = 2147483647;
			files = (
			);
			runOnlyForDeploymentPostprocessing = 0;
		};
/* End PBXFrameworksBuildPhase section */

/* Begin PBXGroup section */
		2C08B02129759377004B806E /* Components */ = {
			isa = PBXGroup;
			children = (
				2C08B02229759390004B806E /* ShakyBellView.swift */,
			);
			path = Components;
			sourceTree = "<group>";
		};
		2C3ADC92295E527800E78AAB /* Onboarding */ = {
			isa = PBXGroup;
			children = (
				2C3ADC93295E52B100E78AAB /* OnboardingContainerViewController.swift */,
				2C3ADC95295E57D500E78AAB /* OnboardingViewController.swift */,
			);
			path = Onboarding;
			sourceTree = "<group>";
		};
		2C4E9BD22965BA660073AD85 /* Header */ = {
			isa = PBXGroup;
			children = (
				2CC6C7ED2963469800784DF3 /* AccountSummaryHeaderView.swift */,
				2CC6C7EF296346C200784DF3 /* AccountSummaryHeaderView.xib */,
			);
			path = Header;
			sourceTree = "<group>";
		};
		2C4E9BD32965BA710073AD85 /* Cells */ = {
			isa = PBXGroup;
			children = (
				2C4E9BD42965BAD20073AD85 /* AccountSummaryCell.swift */,
			);
			path = Cells;
			sourceTree = "<group>";
		};
		2C7953D0297AC74600963934 /* Utils */ = {
			isa = PBXGroup;
			children = (
				2C7CA752296D03D500DF8589 /* CurrencyFormatterTests.swift */,
			);
			path = Utils;
			sourceTree = "<group>";
		};
		2C7953D1297AC75300963934 /* AccountSummary */ = {
			isa = PBXGroup;
			children = (
				2C7953D2297AC76C00963934 /* ProfileTests.swift */,
				2C7953D4297AC7FE00963934 /* AccountTests.swift */,
			);
			path = AccountSummary;
			sourceTree = "<group>";
		};
		2C7CA74A296D032F00DF8589 /* BankeyUnitTests */ = {
			isa = PBXGroup;
			children = (
				2C7953D1297AC75300963934 /* AccountSummary */,
				2C7953D0297AC74600963934 /* Utils */,
			);
			path = BankeyUnitTests;
			sourceTree = "<group>";
		};
		2CC6C7E32962915E00784DF3 /* Utils */ = {
			isa = PBXGroup;
			children = (
				2CC6C7E42962917100784DF3 /* LocalState.swift */,
				2CC6C7E6296334B600784DF3 /* UIViewController+Utils.swift */,
				2C6C00432967034400813C47 /* DecimalUtils.swift */,
				2C6C00452967038100813C47 /* CurrencyFormatter.swift */,
				2C3CD8F2296F0C8C00906170 /* NSNotificationName.swift */,
				2C3CD8F4296F0E1700906170 /* UITextfieldSecureToggle.swift */,
				2C08B024297A33F1004B806E /* Date+Utils.swift */,
			);
			path = Utils;
			sourceTree = "<group>";
		};
		2CC6C7EA296343D600784DF3 /* AccountSummary */ = {
			isa = PBXGroup;
			children = (
				2CC6C7EB2963441600784DF3 /* AccountSummaryViewController.swift */,
				2C08B026297A34AB004B806E /* AcocuntSummaryViewController+Networking.swift */,
				2C4E9BD22965BA660073AD85 /* Header */,
				2C4E9BD32965BA710073AD85 /* Cells */,
			);
			path = AccountSummary;
			sourceTree = "<group>";
		};
		2CEFFE3C295A2F130020FA49 = {
			isa = PBXGroup;
			children = (
				2CEFFE47295A2F130020FA49 /* Bankey */,
				2C7CA74A296D032F00DF8589 /* BankeyUnitTests */,
				2CEFFE46295A2F130020FA49 /* Products */,
			);
			sourceTree = "<group>";
		};
		2CEFFE46295A2F130020FA49 /* Products */ = {
			isa = PBXGroup;
			children = (
				2CEFFE45295A2F130020FA49 /* Bankey.app */,
				2C7CA749296D032F00DF8589 /* BankeyUnitTests.xctest */,
			);
			name = Products;
			sourceTree = "<group>";
		};
		2CEFFE47295A2F130020FA49 /* Bankey */ = {
			isa = PBXGroup;
			children = (
				2C08B02129759377004B806E /* Components */,
				2CEFFE48295A2F130020FA49 /* AppDelegate.swift */,
				2CC6C7E8296335F200784DF3 /* MainViewController.swift */,
				2CEFFE5E295A3AFA0020FA49 /* Login */,
				2C3ADC92295E527800E78AAB /* Onboarding */,
				2CC6C7EA296343D600784DF3 /* AccountSummary */,
				2CC6C7E32962915E00784DF3 /* Utils */,
				2CEFFE5D295A3AAE0020FA49 /* Files */,
			);
			path = Bankey;
			sourceTree = "<group>";
		};
		2CEFFE5D295A3AAE0020FA49 /* Files */ = {
			isa = PBXGroup;
			children = (
				2CEFFE51295A2F140020FA49 /* Assets.xcassets */,
				2CEFFE53295A2F140020FA49 /* LaunchScreen.storyboard */,
				2CEFFE56295A2F140020FA49 /* Info.plist */,
			);
			name = Files;
			sourceTree = "<group>";
		};
		2CEFFE5E295A3AFA0020FA49 /* Login */ = {
			isa = PBXGroup;
			children = (
				2CEFFE4C295A2F130020FA49 /* LoginViewController.swift */,
				2CEFFE5F295A3B600020FA49 /* LoginView.swift */,
				2CC6C7E129628A9E00784DF3 /* DummyViewController.swift */,
			);
			path = Login;
			sourceTree = "<group>";
		};
/* End PBXGroup section */

/* Begin PBXNativeTarget section */
		2C7CA748296D032F00DF8589 /* BankeyUnitTests */ = {
			isa = PBXNativeTarget;
			buildConfigurationList = 2C7CA751296D032F00DF8589 /* Build configuration list for PBXNativeTarget "BankeyUnitTests" */;
			buildPhases = (
				2C7CA745296D032F00DF8589 /* Sources */,
				2C7CA746296D032F00DF8589 /* Frameworks */,
				2C7CA747296D032F00DF8589 /* Resources */,
			);
			buildRules = (
			);
			dependencies = (
				2C7CA74E296D032F00DF8589 /* PBXTargetDependency */,
			);
			name = BankeyUnitTests;
			productName = BankeyUnitTests;
			productReference = 2C7CA749296D032F00DF8589 /* BankeyUnitTests.xctest */;
			productType = "com.apple.product-type.bundle.unit-test";
		};
		2CEFFE44295A2F130020FA49 /* Bankey */ = {
			isa = PBXNativeTarget;
			buildConfigurationList = 2CEFFE59295A2F140020FA49 /* Build configuration list for PBXNativeTarget "Bankey" */;
			buildPhases = (
				2CEFFE41295A2F130020FA49 /* Sources */,
				2CEFFE42295A2F130020FA49 /* Frameworks */,
				2CEFFE43295A2F130020FA49 /* Resources */,
			);
			buildRules = (
			);
			dependencies = (
			);
			name = Bankey;
			productName = Bankey;
			productReference = 2CEFFE45295A2F130020FA49 /* Bankey.app */;
			productType = "com.apple.product-type.application";
		};
/* End PBXNativeTarget section */

/* Begin PBXProject section */
		2CEFFE3D295A2F130020FA49 /* Project object */ = {
			isa = PBXProject;
			attributes = {
				BuildIndependentTargetsInParallel = 1;
				LastSwiftUpdateCheck = 1420;
				LastUpgradeCheck = 1420;
				TargetAttributes = {
					2C7CA748296D032F00DF8589 = {
						CreatedOnToolsVersion = 14.2;
						LastSwiftMigration = 1420;
						TestTargetID = 2CEFFE44295A2F130020FA49;
					};
					2CEFFE44295A2F130020FA49 = {
						CreatedOnToolsVersion = 14.2;
					};
				};
			};
			buildConfigurationList = 2CEFFE40295A2F130020FA49 /* Build configuration list for PBXProject "Bankey" */;
			compatibilityVersion = "Xcode 14.0";
			developmentRegion = en;
			hasScannedForEncodings = 0;
			knownRegions = (
				en,
				Base,
			);
			mainGroup = 2CEFFE3C295A2F130020FA49;
			productRefGroup = 2CEFFE46295A2F130020FA49 /* Products */;
			projectDirPath = "";
			projectRoot = "";
			targets = (
				2CEFFE44295A2F130020FA49 /* Bankey */,
				2C7CA748296D032F00DF8589 /* BankeyUnitTests */,
			);
		};
/* End PBXProject section */

/* Begin PBXResourcesBuildPhase section */
		2C7CA747296D032F00DF8589 /* Resources */ = {
			isa = PBXResourcesBuildPhase;
			buildActionMask = 2147483647;
			files = (
			);
			runOnlyForDeploymentPostprocessing = 0;
		};
		2CEFFE43295A2F130020FA49 /* Resources */ = {
			isa = PBXResourcesBuildPhase;
			buildActionMask = 2147483647;
			files = (
				2CC6C7F0296346C200784DF3 /* AccountSummaryHeaderView.xib in Resources */,
				2CEFFE55295A2F140020FA49 /* LaunchScreen.storyboard in Resources */,
				2CEFFE52295A2F140020FA49 /* Assets.xcassets in Resources */,
			);
			runOnlyForDeploymentPostprocessing = 0;
		};
/* End PBXResourcesBuildPhase section */

/* Begin PBXSourcesBuildPhase section */
		2C7CA745296D032F00DF8589 /* Sources */ = {
			isa = PBXSourcesBuildPhase;
			buildActionMask = 2147483647;
			files = (
				2C7CA753296D03D500DF8589 /* CurrencyFormatterTests.swift in Sources */,
				2C7953D5297AC7FE00963934 /* AccountTests.swift in Sources */,
				2C7953D3297AC76C00963934 /* ProfileTests.swift in Sources */,
			);
			runOnlyForDeploymentPostprocessing = 0;
		};
		2CEFFE41295A2F130020FA49 /* Sources */ = {
			isa = PBXSourcesBuildPhase;
			buildActionMask = 2147483647;
			files = (
				2C08B027297A34AB004B806E /* AcocuntSummaryViewController+Networking.swift in Sources */,
				2CC6C7E7296334B600784DF3 /* UIViewController+Utils.swift in Sources */,
				2C08B025297A33F1004B806E /* Date+Utils.swift in Sources */,
				2C08B02329759390004B806E /* ShakyBellView.swift in Sources */,
				2CEFFE60295A3B600020FA49 /* LoginView.swift in Sources */,
				2CC6C7E52962917100784DF3 /* LocalState.swift in Sources */,
				2CC6C7EE2963469800784DF3 /* AccountSummaryHeaderView.swift in Sources */,
				2CC6C7E229628A9E00784DF3 /* DummyViewController.swift in Sources */,
				2C6C00462967038100813C47 /* CurrencyFormatter.swift in Sources */,
				2C6C00442967034400813C47 /* DecimalUtils.swift in Sources */,
				2C3CD8F3296F0C8C00906170 /* NSNotificationName.swift in Sources */,
				2C3CD8F5296F0E1700906170 /* UITextfieldSecureToggle.swift in Sources */,
				2CEFFE4D295A2F130020FA49 /* LoginViewController.swift in Sources */,
				2C4E9BD52965BAD20073AD85 /* AccountSummaryCell.swift in Sources */,
				2C3ADC96295E57D500E78AAB /* OnboardingViewController.swift in Sources */,
				2CC6C7E9296335F200784DF3 /* MainViewController.swift in Sources */,
				2CC6C7EC2963441600784DF3 /* AccountSummaryViewController.swift in Sources */,
				2CEFFE49295A2F130020FA49 /* AppDelegate.swift in Sources */,
				2C3ADC94295E52B100E78AAB /* OnboardingContainerViewController.swift in Sources */,
			);
			runOnlyForDeploymentPostprocessing = 0;
		};
/* End PBXSourcesBuildPhase section */

/* Begin PBXTargetDependency section */
		2C7CA74E296D032F00DF8589 /* PBXTargetDependency */ = {
			isa = PBXTargetDependency;
			target = 2CEFFE44295A2F130020FA49 /* Bankey */;
			targetProxy = 2C7CA74D296D032F00DF8589 /* PBXContainerItemProxy */;
		};
/* End PBXTargetDependency section */

/* Begin PBXVariantGroup section */
		2CEFFE53295A2F140020FA49 /* LaunchScreen.storyboard */ = {
			isa = PBXVariantGroup;
			children = (
				2CEFFE54295A2F140020FA49 /* Base */,
			);
			name = LaunchScreen.storyboard;
			sourceTree = "<group>";
		};
/* End PBXVariantGroup section */

/* Begin XCBuildConfiguration section */
		2C7CA74F296D032F00DF8589 /* Debug */ = {
			isa = XCBuildConfiguration;
			buildSettings = {
				BUNDLE_LOADER = "$(TEST_HOST)";
				CLANG_ENABLE_MODULES = YES;
				CODE_SIGN_STYLE = Automatic;
				CURRENT_PROJECT_VERSION = 1;
				DEVELOPMENT_TEAM = S425753GW2;
				GENERATE_INFOPLIST_FILE = YES;
				LD_RUNPATH_SEARCH_PATHS = (
					"$(inherited)",
					"@executable_path/Frameworks",
					"@loader_path/Frameworks",
				);
				MARKETING_VERSION = 1.0;
				PRODUCT_BUNDLE_IDENTIFIER = co.tullah.BankeyUnitTests;
				PRODUCT_NAME = "$(TARGET_NAME)";
				SWIFT_EMIT_LOC_STRINGS = NO;
				SWIFT_OPTIMIZATION_LEVEL = "-Onone";
				SWIFT_VERSION = 5.0;
				TARGETED_DEVICE_FAMILY = "1,2";
				TEST_HOST = "$(BUILT_PRODUCTS_DIR)/Bankey.app/$(BUNDLE_EXECUTABLE_FOLDER_PATH)/Bankey";
			};
			name = Debug;
		};
		2C7CA750296D032F00DF8589 /* Release */ = {
			isa = XCBuildConfiguration;
			buildSettings = {
				BUNDLE_LOADER = "$(TEST_HOST)";
				CLANG_ENABLE_MODULES = YES;
				CODE_SIGN_STYLE = Automatic;
				CURRENT_PROJECT_VERSION = 1;
				DEVELOPMENT_TEAM = S425753GW2;
				GENERATE_INFOPLIST_FILE = YES;
				LD_RUNPATH_SEARCH_PATHS = (
					"$(inherited)",
					"@executable_path/Frameworks",
					"@loader_path/Frameworks",
				);
				MARKETING_VERSION = 1.0;
				PRODUCT_BUNDLE_IDENTIFIER = co.tullah.BankeyUnitTests;
				PRODUCT_NAME = "$(TARGET_NAME)";
				SWIFT_EMIT_LOC_STRINGS = NO;
				SWIFT_VERSION = 5.0;
				TARGETED_DEVICE_FAMILY = "1,2";
				TEST_HOST = "$(BUILT_PRODUCTS_DIR)/Bankey.app/$(BUNDLE_EXECUTABLE_FOLDER_PATH)/Bankey";
			};
			name = Release;
		};
		2CEFFE57295A2F140020FA49 /* Debug */ = {
			isa = XCBuildConfiguration;
			buildSettings = {
				ALWAYS_SEARCH_USER_PATHS = NO;
				CLANG_ANALYZER_NONNULL = YES;
				CLANG_ANALYZER_NUMBER_OBJECT_CONVERSION = YES_AGGRESSIVE;
				CLANG_CXX_LANGUAGE_STANDARD = "gnu++20";
				CLANG_ENABLE_MODULES = YES;
				CLANG_ENABLE_OBJC_ARC = YES;
				CLANG_ENABLE_OBJC_WEAK = YES;
				CLANG_WARN_BLOCK_CAPTURE_AUTORELEASING = YES;
				CLANG_WARN_BOOL_CONVERSION = YES;
				CLANG_WARN_COMMA = YES;
				CLANG_WARN_CONSTANT_CONVERSION = YES;
				CLANG_WARN_DEPRECATED_OBJC_IMPLEMENTATIONS = YES;
				CLANG_WARN_DIRECT_OBJC_ISA_USAGE = YES_ERROR;
				CLANG_WARN_DOCUMENTATION_COMMENTS = YES;
				CLANG_WARN_EMPTY_BODY = YES;
				CLANG_WARN_ENUM_CONVERSION = YES;
				CLANG_WARN_INFINITE_RECURSION = YES;
				CLANG_WARN_INT_CONVERSION = YES;
				CLANG_WARN_NON_LITERAL_NULL_CONVERSION = YES;
				CLANG_WARN_OBJC_IMPLICIT_RETAIN_SELF = YES;
				CLANG_WARN_OBJC_LITERAL_CONVERSION = YES;
				CLANG_WARN_OBJC_ROOT_CLASS = YES_ERROR;
				CLANG_WARN_QUOTED_INCLUDE_IN_FRAMEWORK_HEADER = YES;
				CLANG_WARN_RANGE_LOOP_ANALYSIS = YES;
				CLANG_WARN_STRICT_PROTOTYPES = YES;
				CLANG_WARN_SUSPICIOUS_MOVE = YES;
				CLANG_WARN_UNGUARDED_AVAILABILITY = YES_AGGRESSIVE;
				CLANG_WARN_UNREACHABLE_CODE = YES;
				CLANG_WARN__DUPLICATE_METHOD_MATCH = YES;
				COPY_PHASE_STRIP = NO;
				DEBUG_INFORMATION_FORMAT = dwarf;
				ENABLE_STRICT_OBJC_MSGSEND = YES;
				ENABLE_TESTABILITY = YES;
				GCC_C_LANGUAGE_STANDARD = gnu11;
				GCC_DYNAMIC_NO_PIC = NO;
				GCC_NO_COMMON_BLOCKS = YES;
				GCC_OPTIMIZATION_LEVEL = 0;
				GCC_PREPROCESSOR_DEFINITIONS = (
					"DEBUG=1",
					"$(inherited)",
				);
				GCC_WARN_64_TO_32_BIT_CONVERSION = YES;
				GCC_WARN_ABOUT_RETURN_TYPE = YES_ERROR;
				GCC_WARN_UNDECLARED_SELECTOR = YES;
				GCC_WARN_UNINITIALIZED_AUTOS = YES_AGGRESSIVE;
				GCC_WARN_UNUSED_FUNCTION = YES;
				GCC_WARN_UNUSED_VARIABLE = YES;
				IPHONEOS_DEPLOYMENT_TARGET = 16.2;
				MTL_ENABLE_DEBUG_INFO = INCLUDE_SOURCE;
				MTL_FAST_MATH = YES;
				ONLY_ACTIVE_ARCH = YES;
				SDKROOT = iphoneos;
				SWIFT_ACTIVE_COMPILATION_CONDITIONS = DEBUG;
				SWIFT_OPTIMIZATION_LEVEL = "-Onone";
			};
			name = Debug;
		};
		2CEFFE58295A2F140020FA49 /* Release */ = {
			isa = XCBuildConfiguration;
			buildSettings = {
				ALWAYS_SEARCH_USER_PATHS = NO;
				CLANG_ANALYZER_NONNULL = YES;
				CLANG_ANALYZER_NUMBER_OBJECT_CONVERSION = YES_AGGRESSIVE;
				CLANG_CXX_LANGUAGE_STANDARD = "gnu++20";
				CLANG_ENABLE_MODULES = YES;
				CLANG_ENABLE_OBJC_ARC = YES;
				CLANG_ENABLE_OBJC_WEAK = YES;
				CLANG_WARN_BLOCK_CAPTURE_AUTORELEASING = YES;
				CLANG_WARN_BOOL_CONVERSION = YES;
				CLANG_WARN_COMMA = YES;
				CLANG_WARN_CONSTANT_CONVERSION = YES;
				CLANG_WARN_DEPRECATED_OBJC_IMPLEMENTATIONS = YES;
				CLANG_WARN_DIRECT_OBJC_ISA_USAGE = YES_ERROR;
				CLANG_WARN_DOCUMENTATION_COMMENTS = YES;
				CLANG_WARN_EMPTY_BODY = YES;
				CLANG_WARN_ENUM_CONVERSION = YES;
				CLANG_WARN_INFINITE_RECURSION = YES;
				CLANG_WARN_INT_CONVERSION = YES;
				CLANG_WARN_NON_LITERAL_NULL_CONVERSION = YES;
				CLANG_WARN_OBJC_IMPLICIT_RETAIN_SELF = YES;
				CLANG_WARN_OBJC_LITERAL_CONVERSION = YES;
				CLANG_WARN_OBJC_ROOT_CLASS = YES_ERROR;
				CLANG_WARN_QUOTED_INCLUDE_IN_FRAMEWORK_HEADER = YES;
				CLANG_WARN_RANGE_LOOP_ANALYSIS = YES;
				CLANG_WARN_STRICT_PROTOTYPES = YES;
				CLANG_WARN_SUSPICIOUS_MOVE = YES;
				CLANG_WARN_UNGUARDED_AVAILABILITY = YES_AGGRESSIVE;
				CLANG_WARN_UNREACHABLE_CODE = YES;
				CLANG_WARN__DUPLICATE_METHOD_MATCH = YES;
				COPY_PHASE_STRIP = NO;
				DEBUG_INFORMATION_FORMAT = "dwarf-with-dsym";
				ENABLE_NS_ASSERTIONS = NO;
				ENABLE_STRICT_OBJC_MSGSEND = YES;
				GCC_C_LANGUAGE_STANDARD = gnu11;
				GCC_NO_COMMON_BLOCKS = YES;
				GCC_WARN_64_TO_32_BIT_CONVERSION = YES;
				GCC_WARN_ABOUT_RETURN_TYPE = YES_ERROR;
				GCC_WARN_UNDECLARED_SELECTOR = YES;
				GCC_WARN_UNINITIALIZED_AUTOS = YES_AGGRESSIVE;
				GCC_WARN_UNUSED_FUNCTION = YES;
				GCC_WARN_UNUSED_VARIABLE = YES;
				IPHONEOS_DEPLOYMENT_TARGET = 16.2;
				MTL_ENABLE_DEBUG_INFO = NO;
				MTL_FAST_MATH = YES;
				SDKROOT = iphoneos;
				SWIFT_COMPILATION_MODE = wholemodule;
				SWIFT_OPTIMIZATION_LEVEL = "-O";
				VALIDATE_PRODUCT = YES;
			};
			name = Release;
		};
		2CEFFE5A295A2F140020FA49 /* Debug */ = {
			isa = XCBuildConfiguration;
			buildSettings = {
				ASSETCATALOG_COMPILER_APPICON_NAME = AppIcon;
				ASSETCATALOG_COMPILER_GLOBAL_ACCENT_COLOR_NAME = AccentColor;
				CODE_SIGN_STYLE = Automatic;
				CURRENT_PROJECT_VERSION = 1;
				DEVELOPMENT_TEAM = S425753GW2;
				GENERATE_INFOPLIST_FILE = YES;
				INFOPLIST_FILE = Bankey/Info.plist;
				INFOPLIST_KEY_UIApplicationSupportsIndirectInputEvents = YES;
				INFOPLIST_KEY_UILaunchStoryboardName = LaunchScreen;
				INFOPLIST_KEY_UISupportedInterfaceOrientations_iPad = "UIInterfaceOrientationPortrait UIInterfaceOrientationPortraitUpsideDown UIInterfaceOrientationLandscapeLeft UIInterfaceOrientationLandscapeRight";
				INFOPLIST_KEY_UISupportedInterfaceOrientations_iPhone = "UIInterfaceOrientationPortrait UIInterfaceOrientationLandscapeLeft UIInterfaceOrientationLandscapeRight";
				LD_RUNPATH_SEARCH_PATHS = (
					"$(inherited)",
					"@executable_path/Frameworks",
				);
				MARKETING_VERSION = 1.0;
				PRODUCT_BUNDLE_IDENTIFIER = co.tullah.Bankey;
				PRODUCT_NAME = "$(TARGET_NAME)";
				SWIFT_EMIT_LOC_STRINGS = YES;
				SWIFT_VERSION = 5.0;
				TARGETED_DEVICE_FAMILY = "1,2";
			};
			name = Debug;
		};
		2CEFFE5B295A2F140020FA49 /* Release */ = {
			isa = XCBuildConfiguration;
			buildSettings = {
				ASSETCATALOG_COMPILER_APPICON_NAME = AppIcon;
				ASSETCATALOG_COMPILER_GLOBAL_ACCENT_COLOR_NAME = AccentColor;
				CODE_SIGN_STYLE = Automatic;
				CURRENT_PROJECT_VERSION = 1;
				DEVELOPMENT_TEAM = S425753GW2;
				GENERATE_INFOPLIST_FILE = YES;
				INFOPLIST_FILE = Bankey/Info.plist;
				INFOPLIST_KEY_UIApplicationSupportsIndirectInputEvents = YES;
				INFOPLIST_KEY_UILaunchStoryboardName = LaunchScreen;
				INFOPLIST_KEY_UISupportedInterfaceOrientations_iPad = "UIInterfaceOrientationPortrait UIInterfaceOrientationPortraitUpsideDown UIInterfaceOrientationLandscapeLeft UIInterfaceOrientationLandscapeRight";
				INFOPLIST_KEY_UISupportedInterfaceOrientations_iPhone = "UIInterfaceOrientationPortrait UIInterfaceOrientationLandscapeLeft UIInterfaceOrientationLandscapeRight";
				LD_RUNPATH_SEARCH_PATHS = (
					"$(inherited)",
					"@executable_path/Frameworks",
				);
				MARKETING_VERSION = 1.0;
				PRODUCT_BUNDLE_IDENTIFIER = co.tullah.Bankey;
				PRODUCT_NAME = "$(TARGET_NAME)";
				SWIFT_EMIT_LOC_STRINGS = YES;
				SWIFT_VERSION = 5.0;
				TARGETED_DEVICE_FAMILY = "1,2";
			};
			name = Release;
		};
/* End XCBuildConfiguration section */

/* Begin XCConfigurationList section */
		2C7CA751296D032F00DF8589 /* Build configuration list for PBXNativeTarget "BankeyUnitTests" */ = {
			isa = XCConfigurationList;
			buildConfigurations = (
				2C7CA74F296D032F00DF8589 /* Debug */,
				2C7CA750296D032F00DF8589 /* Release */,
			);
			defaultConfigurationIsVisible = 0;
			defaultConfigurationName = Release;
		};
		2CEFFE40295A2F130020FA49 /* Build configuration list for PBXProject "Bankey" */ = {
			isa = XCConfigurationList;
			buildConfigurations = (
				2CEFFE57295A2F140020FA49 /* Debug */,
				2CEFFE58295A2F140020FA49 /* Release */,
			);
			defaultConfigurationIsVisible = 0;
			defaultConfigurationName = Release;
		};
		2CEFFE59295A2F140020FA49 /* Build configuration list for PBXNativeTarget "Bankey" */ = {
			isa = XCConfigurationList;
			buildConfigurations = (
				2CEFFE5A295A2F140020FA49 /* Debug */,
				2CEFFE5B295A2F140020FA49 /* Release */,
			);
			defaultConfigurationIsVisible = 0;
			defaultConfigurationName = Release;
		};
/* End XCConfigurationList section */
	};
	rootObject = 2CEFFE3D295A2F130020FA49 /* Project object */;
}
